<Solution>
  <Project Path="LineUp.AppHost/LineUp.AppHost.csproj" />
  <Project Path="LineUp.Backend/LineUp.Backend.csproj" />
  <Project Path="lineup-client/lineup-client.esproj" />
  <Project Path="LineUp.MigrationService/LineUp.MigrationService.csproj" />
  <Project Path="LineUp.Core/LineUp.Core.csproj" />
  <Project Path="LineUp.Scheduler.Tests/LineUp.Scheduler.Tests.csproj" />
  <Project Path="LineUp.Scheduler\LineUp.Scheduler.csproj" />
  <Project Path="LineUp.ServiceDefaults/LineUp.ServiceDefaults.csproj" />
</Solution>
