<Solution>
  <Project Path="LineUp.AppHost/LineUp.AppHost.csproj" />
  <Project Path="LineUp.Backend.Tests/LineUp.Backend.Tests.csproj" />
  <Project Path="LineUp.Backend/LineUp.Backend.csproj" />
  <Project Path="lineup-client/lineup-client.esproj" />
  <Project Path="LineUp.ServiceDefaults/LineUp.ServiceDefaults.csproj" />
  <Project Path="LineUp.EndToEndTests/LineUp.EndToEndTests.csproj" />
</Solution>
